// !$*UTF8*$!
{
	archiveVersion = 1;
	classes = {
	};
	objectVersion = 50;
	objects = {

/* Begin PBXBuildFile section */
		184F039E276A702D0030F25D /* MainQuoteViewController.swift in Sources */ = {isa = PBXBuildFile; fileRef = 184F039D276A702D0030F25D /* MainQuoteViewController.swift */; };
		184F03A0276A70440030F25D /* AllQuoteDetailViewController.swift in Sources */ = {isa = PBXBuildFile; fileRef = 184F039F276A70440030F25D /* AllQuoteDetailViewController.swift */; };
		184F03A2276A706D0030F25D /* QuoteByAuthorDetailViewController.swift in Sources */ = {isa = PBXBuildFile; fileRef = 184F03A1276A706D0030F25D /* QuoteByAuthorDetailViewController.swift */; };
		184F03A4276A70890030F25D /* AllQuoteTableViewController.swift in Sources */ = {isa = PBXBuildFile; fileRef = 184F03A3276A70890030F25D /* AllQuoteTableViewController.swift */; };
		184F03A6276A709C0030F25D /* QuoteByAuthorTableViewController.swift in Sources */ = {isa = PBXBuildFile; fileRef = 184F03A5276A709C0030F25D /* QuoteByAuthorTableViewController.swift */; };
		184F03A8276B81580030F25D /* MainDeathViewController.swift in Sources */ = {isa = PBXBuildFile; fileRef = 184F03A7276B81580030F25D /* MainDeathViewController.swift */; };
		184F03AA276B81780030F25D /* AllDeathInfoTableViewController.swift in Sources */ = {isa = PBXBuildFile; fileRef = 184F03A9276B81780030F25D /* AllDeathInfoTableViewController.swift */; };
		184F03AC276B81A60030F25D /* AllDeathInfoDetailViewController.swift in Sources */ = {isa = PBXBuildFile; fileRef = 184F03AB276B81A60030F25D /* AllDeathInfoDetailViewController.swift */; };
		1856B03B2768F0EB006FE37F /* CharacterGroupTableViewController.swift in Sources */ = {isa = PBXBuildFile; fileRef = 1856B03A2768F0EB006FE37F /* CharacterGroupTableViewController.swift */; };
		1856B03D2768F11E006FE37F /* CharacterGroupDetailViewController.swift in Sources */ = {isa = PBXBuildFile; fileRef = 1856B03C2768F11E006FE37F /* CharacterGroupDetailViewController.swift */; };
		1856B03F2768F9BC006FE37F /* CharacterLimitTableViewController.swift in Sources */ = {isa = PBXBuildFile; fileRef = 1856B03E2768F9BC006FE37F /* CharacterLimitTableViewController.swift */; };
		1856B0412768F9D5006FE37F /* CharacterLimitDetailViewController.swift in Sources */ = {isa = PBXBuildFile; fileRef = 1856B0402768F9D5006FE37F /* CharacterLimitDetailViewController.swift */; };
		1856B0432768FE4B006FE37F /* Episode.swift in Sources */ = {isa = PBXBuildFile; fileRef = 1856B0422768FE4B006FE37F /* Episode.swift */; };
		1856B0452768FE5C006FE37F /* EpisodeList.swift in Sources */ = {isa = PBXBuildFile; fileRef = 1856B0442768FE5C006FE37F /* EpisodeList.swift */; };
		1856B0472768FED9006FE37F /* Quote.swift in Sources */ = {isa = PBXBuildFile; fileRef = 1856B0462768FED9006FE37F /* Quote.swift */; };
		1856B0492768FEE8006FE37F /* QuoteList.swift in Sources */ = {isa = PBXBuildFile; fileRef = 1856B0482768FEE8006FE37F /* QuoteList.swift */; };
		1856B04B2768FEF5006FE37F /* Death.swift in Sources */ = {isa = PBXBuildFile; fileRef = 1856B04A2768FEF5006FE37F /* Death.swift */; };
		1856B04D2768FF04006FE37F /* DeathList.swift in Sources */ = {isa = PBXBuildFile; fileRef = 1856B04C2768FF04006FE37F /* DeathList.swift */; };
		1856B04F27690622006FE37F /* AllEpisodeTableViewController.swift in Sources */ = {isa = PBXBuildFile; fileRef = 1856B04E27690622006FE37F /* AllEpisodeTableViewController.swift */; };
		1856B05127690634006FE37F /* SeriesEpisodeTableViewController.swift in Sources */ = {isa = PBXBuildFile; fileRef = 1856B05027690634006FE37F /* SeriesEpisodeTableViewController.swift */; };
		1856B05327690649006FE37F /* AllEpisodeDetailViewController.swift in Sources */ = {isa = PBXBuildFile; fileRef = 1856B05227690649006FE37F /* AllEpisodeDetailViewController.swift */; };
		1856B0552769065C006FE37F /* SeriesEpisodeDetailViewController.swift in Sources */ = {isa = PBXBuildFile; fileRef = 1856B0542769065B006FE37F /* SeriesEpisodeDetailViewController.swift */; };
		1856B057276906BF006FE37F /* MainEpisodeViewController.swift in Sources */ = {isa = PBXBuildFile; fileRef = 1856B056276906BF006FE37F /* MainEpisodeViewController.swift */; };
		185BE0FA275E888300D2A216 /* Character.swift in Sources */ = {isa = PBXBuildFile; fileRef = 185BE0F9275E888300D2A216 /* Character.swift */; };
		185BE0FC275E8AF100D2A216 /* CharacterList.swift in Sources */ = {isa = PBXBuildFile; fileRef = 185BE0FB275E8AF100D2A216 /* CharacterList.swift */; };
		185BE0FE275E8B8800D2A216 /* CharacterTableViewController.swift in Sources */ = {isa = PBXBuildFile; fileRef = 185BE0FD275E8B8800D2A216 /* CharacterTableViewController.swift */; };
		185BE100275E98F100D2A216 /* MainCharacterViewController.swift in Sources */ = {isa = PBXBuildFile; fileRef = 185BE0FF275E98F100D2A216 /* MainCharacterViewController.swift */; };
		185BE102275EA34800D2A216 /* CharacterDetailViewController.swift in Sources */ = {isa = PBXBuildFile; fileRef = 185BE101275EA34800D2A216 /* CharacterDetailViewController.swift */; };
		18CC53AF2756B813000115DA /* AppDelegate.swift in Sources */ = {isa = PBXBuildFile; fileRef = 18CC53AE2756B813000115DA /* AppDelegate.swift */; };
		18CC53B12756B813000115DA /* SceneDelegate.swift in Sources */ = {isa = PBXBuildFile; fileRef = 18CC53B02756B813000115DA /* SceneDelegate.swift */; };
		18CC53B62756B813000115DA /* Main.storyboard in Resources */ = {isa = PBXBuildFile; fileRef = 18CC53B42756B813000115DA /* Main.storyboard */; };
		18CC53B92756B813000115DA /* BadBreakingIosApp.xcdatamodeld in Sources */ = {isa = PBXBuildFile; fileRef = 18CC53B72756B813000115DA /* BadBreakingIosApp.xcdatamodeld */; };
		18CC53BB2756B816000115DA /* Assets.xcassets in Resources */ = {isa = PBXBuildFile; fileRef = 18CC53BA2756B816000115DA /* Assets.xcassets */; };
		18CC53BE2756B816000115DA /* LaunchScreen.storyboard in Resources */ = {isa = PBXBuildFile; fileRef = 18CC53BC2756B816000115DA /* LaunchScreen.storyboard */; };
/* End PBXBuildFile section */

/* Begin PBXFileReference section */
		184F039D276A702D0030F25D /* MainQuoteViewController.swift */ = {isa = PBXFileReference; lastKnownFileType = sourcecode.swift; path = MainQuoteViewController.swift; sourceTree = "<group>"; };
		184F039F276A70440030F25D /* AllQuoteDetailViewController.swift */ = {isa = PBXFileReference; lastKnownFileType = sourcecode.swift; path = AllQuoteDetailViewController.swift; sourceTree = "<group>"; };
		184F03A1276A706D0030F25D /* QuoteByAuthorDetailViewController.swift */ = {isa = PBXFileReference; lastKnownFileType = sourcecode.swift; path = QuoteByAuthorDetailViewController.swift; sourceTree = "<group>"; };
		184F03A3276A70890030F25D /* AllQuoteTableViewController.swift */ = {isa = PBXFileReference; lastKnownFileType = sourcecode.swift; path = AllQuoteTableViewController.swift; sourceTree = "<group>"; };
		184F03A5276A709C0030F25D /* QuoteByAuthorTableViewController.swift */ = {isa = PBXFileReference; lastKnownFileType = sourcecode.swift; path = QuoteByAuthorTableViewController.swift; sourceTree = "<group>"; };
		184F03A7276B81580030F25D /* MainDeathViewController.swift */ = {isa = PBXFileReference; lastKnownFileType = sourcecode.swift; path = MainDeathViewController.swift; sourceTree = "<group>"; };
		184F03A9276B81780030F25D /* AllDeathInfoTableViewController.swift */ = {isa = PBXFileReference; lastKnownFileType = sourcecode.swift; path = AllDeathInfoTableViewController.swift; sourceTree = "<group>"; };
		184F03AB276B81A60030F25D /* AllDeathInfoDetailViewController.swift */ = {isa = PBXFileReference; lastKnownFileType = sourcecode.swift; path = AllDeathInfoDetailViewController.swift; sourceTree = "<group>"; };
		1856B03A2768F0EB006FE37F /* CharacterGroupTableViewController.swift */ = {isa = PBXFileReference; lastKnownFileType = sourcecode.swift; path = CharacterGroupTableViewController.swift; sourceTree = "<group>"; };
		1856B03C2768F11E006FE37F /* CharacterGroupDetailViewController.swift */ = {isa = PBXFileReference; lastKnownFileType = sourcecode.swift; path = CharacterGroupDetailViewController.swift; sourceTree = "<group>"; };
		1856B03E2768F9BC006FE37F /* CharacterLimitTableViewController.swift */ = {isa = PBXFileReference; lastKnownFileType = sourcecode.swift; path = CharacterLimitTableViewController.swift; sourceTree = "<group>"; };
		1856B0402768F9D5006FE37F /* CharacterLimitDetailViewController.swift */ = {isa = PBXFileReference; lastKnownFileType = sourcecode.swift; path = CharacterLimitDetailViewController.swift; sourceTree = "<group>"; };
		1856B0422768FE4B006FE37F /* Episode.swift */ = {isa = PBXFileReference; lastKnownFileType = sourcecode.swift; path = Episode.swift; sourceTree = "<group>"; };
		1856B0442768FE5C006FE37F /* EpisodeList.swift */ = {isa = PBXFileReference; lastKnownFileType = sourcecode.swift; path = EpisodeList.swift; sourceTree = "<group>"; };
		1856B0462768FED9006FE37F /* Quote.swift */ = {isa = PBXFileReference; lastKnownFileType = sourcecode.swift; path = Quote.swift; sourceTree = "<group>"; };
		1856B0482768FEE8006FE37F /* QuoteList.swift */ = {isa = PBXFileReference; lastKnownFileType = sourcecode.swift; path = QuoteList.swift; sourceTree = "<group>"; };
		1856B04A2768FEF5006FE37F /* Death.swift */ = {isa = PBXFileReference; lastKnownFileType = sourcecode.swift; path = Death.swift; sourceTree = "<group>"; };
		1856B04C2768FF04006FE37F /* DeathList.swift */ = {isa = PBXFileReference; lastKnownFileType = sourcecode.swift; path = DeathList.swift; sourceTree = "<group>"; };
		1856B04E27690622006FE37F /* AllEpisodeTableViewController.swift */ = {isa = PBXFileReference; lastKnownFileType = sourcecode.swift; path = AllEpisodeTableViewController.swift; sourceTree = "<group>"; };
		1856B05027690634006FE37F /* SeriesEpisodeTableViewController.swift */ = {isa = PBXFileReference; lastKnownFileType = sourcecode.swift; path = SeriesEpisodeTableViewController.swift; sourceTree = "<group>"; };
		1856B05227690649006FE37F /* AllEpisodeDetailViewController.swift */ = {isa = PBXFileReference; lastKnownFileType = sourcecode.swift; path = AllEpisodeDetailViewController.swift; sourceTree = "<group>"; };
		1856B0542769065B006FE37F /* SeriesEpisodeDetailViewController.swift */ = {isa = PBXFileReference; lastKnownFileType = sourcecode.swift; path = SeriesEpisodeDetailViewController.swift; sourceTree = "<group>"; };
		1856B056276906BF006FE37F /* MainEpisodeViewController.swift */ = {isa = PBXFileReference; lastKnownFileType = sourcecode.swift; path = MainEpisodeViewController.swift; sourceTree = "<group>"; };
		185BE0F9275E888300D2A216 /* Character.swift */ = {isa = PBXFileReference; lastKnownFileType = sourcecode.swift; path = Character.swift; sourceTree = "<group>"; };
		185BE0FB275E8AF100D2A216 /* CharacterList.swift */ = {isa = PBXFileReference; lastKnownFileType = sourcecode.swift; path = CharacterList.swift; sourceTree = "<group>"; };
		185BE0FD275E8B8800D2A216 /* CharacterTableViewController.swift */ = {isa = PBXFileReference; lastKnownFileType = sourcecode.swift; path = CharacterTableViewController.swift; sourceTree = "<group>"; };
		185BE0FF275E98F100D2A216 /* MainCharacterViewController.swift */ = {isa = PBXFileReference; lastKnownFileType = sourcecode.swift; path = MainCharacterViewController.swift; sourceTree = "<group>"; };
		185BE101275EA34800D2A216 /* CharacterDetailViewController.swift */ = {isa = PBXFileReference; lastKnownFileType = sourcecode.swift; path = CharacterDetailViewController.swift; sourceTree = "<group>"; };
		18CC53AB2756B813000115DA /* BadBreakingIosApp.app */ = {isa = PBXFileReference; explicitFileType = wrapper.application; includeInIndex = 0; path = BadBreakingIosApp.app; sourceTree = BUILT_PRODUCTS_DIR; };
		18CC53AE2756B813000115DA /* AppDelegate.swift */ = {isa = PBXFileReference; lastKnownFileType = sourcecode.swift; path = AppDelegate.swift; sourceTree = "<group>"; };
		18CC53B02756B813000115DA /* SceneDelegate.swift */ = {isa = PBXFileReference; lastKnownFileType = sourcecode.swift; path = SceneDelegate.swift; sourceTree = "<group>"; };
		18CC53B52756B813000115DA /* Base */ = {isa = PBXFileReference; lastKnownFileType = file.storyboard; name = Base; path = Base.lproj/Main.storyboard; sourceTree = "<group>"; };
		18CC53B82756B813000115DA /* BadBreakingIosApp.xcdatamodel */ = {isa = PBXFileReference; lastKnownFileType = wrapper.xcdatamodel; path = BadBreakingIosApp.xcdatamodel; sourceTree = "<group>"; };
		18CC53BA2756B816000115DA /* Assets.xcassets */ = {isa = PBXFileReference; lastKnownFileType = folder.assetcatalog; path = Assets.xcassets; sourceTree = "<group>"; };
		18CC53BD2756B816000115DA /* Base */ = {isa = PBXFileReference; lastKnownFileType = file.storyboard; name = Base; path = Base.lproj/LaunchScreen.storyboard; sourceTree = "<group>"; };
		18CC53BF2756B816000115DA /* Info.plist */ = {isa = PBXFileReference; lastKnownFileType = text.plist.xml; path = Info.plist; sourceTree = "<group>"; };
/* End PBXFileReference section */

/* Begin PBXFrameworksBuildPhase section */
		18CC53A82756B813000115DA /* Frameworks */ = {
			isa = PBXFrameworksBuildPhase;
			buildActionMask = 2147483647;
			files = (
			);
			runOnlyForDeploymentPostprocessing = 0;
		};
/* End PBXFrameworksBuildPhase section */

/* Begin PBXGroup section */
		18CC53A22756B813000115DA = {
			isa = PBXGroup;
			children = (
				18CC53AD2756B813000115DA /* BadBreakingIosApp */,
				18CC53AC2756B813000115DA /* Products */,
			);
			sourceTree = "<group>";
		};
		18CC53AC2756B813000115DA /* Products */ = {
			isa = PBXGroup;
			children = (
				18CC53AB2756B813000115DA /* BadBreakingIosApp.app */,
			);
			name = Products;
			sourceTree = "<group>";
		};
		18CC53AD2756B813000115DA /* BadBreakingIosApp */ = {
			isa = PBXGroup;
			children = (
				18CC53AE2756B813000115DA /* AppDelegate.swift */,
				18CC53B02756B813000115DA /* SceneDelegate.swift */,
				18CC53B42756B813000115DA /* Main.storyboard */,
				18CC53BA2756B816000115DA /* Assets.xcassets */,
				18CC53BC2756B816000115DA /* LaunchScreen.storyboard */,
				18CC53BF2756B816000115DA /* Info.plist */,
				18CC53B72756B813000115DA /* BadBreakingIosApp.xcdatamodeld */,
				185BE0F9275E888300D2A216 /* Character.swift */,
				185BE0FB275E8AF100D2A216 /* CharacterList.swift */,
				185BE0FD275E8B8800D2A216 /* CharacterTableViewController.swift */,
				185BE0FF275E98F100D2A216 /* MainCharacterViewController.swift */,
				185BE101275EA34800D2A216 /* CharacterDetailViewController.swift */,
				1856B03A2768F0EB006FE37F /* CharacterGroupTableViewController.swift */,
				1856B03C2768F11E006FE37F /* CharacterGroupDetailViewController.swift */,
				1856B03E2768F9BC006FE37F /* CharacterLimitTableViewController.swift */,
				1856B0402768F9D5006FE37F /* CharacterLimitDetailViewController.swift */,
				1856B0422768FE4B006FE37F /* Episode.swift */,
				1856B0442768FE5C006FE37F /* EpisodeList.swift */,
				1856B0462768FED9006FE37F /* Quote.swift */,
				1856B0482768FEE8006FE37F /* QuoteList.swift */,
				1856B04A2768FEF5006FE37F /* Death.swift */,
				1856B04C2768FF04006FE37F /* DeathList.swift */,
				1856B04E27690622006FE37F /* AllEpisodeTableViewController.swift */,
				1856B05027690634006FE37F /* SeriesEpisodeTableViewController.swift */,
				1856B05227690649006FE37F /* AllEpisodeDetailViewController.swift */,
				1856B0542769065B006FE37F /* SeriesEpisodeDetailViewController.swift */,
				1856B056276906BF006FE37F /* MainEpisodeViewController.swift */,
				184F039D276A702D0030F25D /* MainQuoteViewController.swift */,
				184F039F276A70440030F25D /* AllQuoteDetailViewController.swift */,
				184F03A1276A706D0030F25D /* QuoteByAuthorDetailViewController.swift */,
				184F03A3276A70890030F25D /* AllQuoteTableViewController.swift */,
				184F03A5276A709C0030F25D /* QuoteByAuthorTableViewController.swift */,
				184F03A7276B81580030F25D /* MainDeathViewController.swift */,
				184F03A9276B81780030F25D /* AllDeathInfoTableViewController.swift */,
				184F03AB276B81A60030F25D /* AllDeathInfoDetailViewController.swift */,
			);
			path = BadBreakingIosApp;
			sourceTree = "<group>";
		};
/* End PBXGroup section */

/* Begin PBXNativeTarget section */
		18CC53AA2756B813000115DA /* BadBreakingIosApp */ = {
			isa = PBXNativeTarget;
			buildConfigurationList = 18CC53C22756B816000115DA /* Build configuration list for PBXNativeTarget "BadBreakingIosApp" */;
			buildPhases = (
				18CC53A72756B813000115DA /* Sources */,
				18CC53A82756B813000115DA /* Frameworks */,
				18CC53A92756B813000115DA /* Resources */,
			);
			buildRules = (
			);
			dependencies = (
			);
			name = BadBreakingIosApp;
			productName = BadBreakingIosApp;
			productReference = 18CC53AB2756B813000115DA /* BadBreakingIosApp.app */;
			productType = "com.apple.product-type.application";
		};
/* End PBXNativeTarget section */

/* Begin PBXProject section */
		18CC53A32756B813000115DA /* Project object */ = {
			isa = PBXProject;
			attributes = {
				LastSwiftUpdateCheck = 1250;
				LastUpgradeCheck = 1250;
				TargetAttributes = {
					18CC53AA2756B813000115DA = {
						CreatedOnToolsVersion = 12.5;
					};
				};
			};
			buildConfigurationList = 18CC53A62756B813000115DA /* Build configuration list for PBXProject "BadBreakingIosApp" */;
			compatibilityVersion = "Xcode 9.3";
			developmentRegion = en;
			hasScannedForEncodings = 0;
			knownRegions = (
				en,
				Base,
			);
			mainGroup = 18CC53A22756B813000115DA;
			productRefGroup = 18CC53AC2756B813000115DA /* Products */;
			projectDirPath = "";
			projectRoot = "";
			targets = (
				18CC53AA2756B813000115DA /* BadBreakingIosApp */,
			);
		};
/* End PBXProject section */

/* Begin PBXResourcesBuildPhase section */
		18CC53A92756B813000115DA /* Resources */ = {
			isa = PBXResourcesBuildPhase;
			buildActionMask = 2147483647;
			files = (
				18CC53BE2756B816000115DA /* LaunchScreen.storyboard in Resources */,
				18CC53BB2756B816000115DA /* Assets.xcassets in Resources */,
				18CC53B62756B813000115DA /* Main.storyboard in Resources */,
			);
			runOnlyForDeploymentPostprocessing = 0;
		};
/* End PBXResourcesBuildPhase section */

/* Begin PBXSourcesBuildPhase section */
		18CC53A72756B813000115DA /* Sources */ = {
			isa = PBXSourcesBuildPhase;
			buildActionMask = 2147483647;
			files = (
				184F03A2276A706D0030F25D /* QuoteByAuthorDetailViewController.swift in Sources */,
				1856B0552769065C006FE37F /* SeriesEpisodeDetailViewController.swift in Sources */,
				18CC53B92756B813000115DA /* BadBreakingIosApp.xcdatamodeld in Sources */,
				1856B0412768F9D5006FE37F /* CharacterLimitDetailViewController.swift in Sources */,
				1856B03B2768F0EB006FE37F /* CharacterGroupTableViewController.swift in Sources */,
				1856B04B2768FEF5006FE37F /* Death.swift in Sources */,
				184F03A0276A70440030F25D /* AllQuoteDetailViewController.swift in Sources */,
				184F03A8276B81580030F25D /* MainDeathViewController.swift in Sources */,
				1856B0452768FE5C006FE37F /* EpisodeList.swift in Sources */,
				1856B0492768FEE8006FE37F /* QuoteList.swift in Sources */,
				185BE100275E98F100D2A216 /* MainCharacterViewController.swift in Sources */,
				1856B03D2768F11E006FE37F /* CharacterGroupDetailViewController.swift in Sources */,
				1856B04D2768FF04006FE37F /* DeathList.swift in Sources */,
				185BE0FE275E8B8800D2A216 /* CharacterTableViewController.swift in Sources */,
				18CC53AF2756B813000115DA /* AppDelegate.swift in Sources */,
				1856B0432768FE4B006FE37F /* Episode.swift in Sources */,
				1856B05127690634006FE37F /* SeriesEpisodeTableViewController.swift in Sources */,
				184F03A4276A70890030F25D /* AllQuoteTableViewController.swift in Sources */,
				184F03AC276B81A60030F25D /* AllDeathInfoDetailViewController.swift in Sources */,
				185BE0FC275E8AF100D2A216 /* CharacterList.swift in Sources */,
				185BE102275EA34800D2A216 /* CharacterDetailViewController.swift in Sources */,
				184F03AA276B81780030F25D /* AllDeathInfoTableViewController.swift in Sources */,
				1856B03F2768F9BC006FE37F /* CharacterLimitTableViewController.swift in Sources */,
				184F03A6276A709C0030F25D /* QuoteByAuthorTableViewController.swift in Sources */,
				1856B057276906BF006FE37F /* MainEpisodeViewController.swift in Sources */,
				184F039E276A702D0030F25D /* MainQuoteViewController.swift in Sources */,
				1856B04F27690622006FE37F /* AllEpisodeTableViewController.swift in Sources */,
				1856B05327690649006FE37F /* AllEpisodeDetailViewController.swift in Sources */,
				18CC53B12756B813000115DA /* SceneDelegate.swift in Sources */,
				1856B0472768FED9006FE37F /* Quote.swift in Sources */,
				185BE0FA275E888300D2A216 /* Character.swift in Sources */,
			);
			runOnlyForDeploymentPostprocessing = 0;
		};
/* End PBXSourcesBuildPhase section */

/* Begin PBXVariantGroup section */
		18CC53B42756B813000115DA /* Main.storyboard */ = {
			isa = PBXVariantGroup;
			children = (
				18CC53B52756B813000115DA /* Base */,
			);
			name = Main.storyboard;
			sourceTree = "<group>";
		};
		18CC53BC2756B816000115DA /* LaunchScreen.storyboard */ = {
			isa = PBXVariantGroup;
			children = (
				18CC53BD2756B816000115DA /* Base */,
			);
			name = LaunchScreen.storyboard;
			sourceTree = "<group>";
		};
/* End PBXVariantGroup section */

/* Begin XCBuildConfiguration section */
		18CC53C02756B816000115DA /* Debug */ = {
			isa = XCBuildConfiguration;
			buildSettings = {
				ALWAYS_SEARCH_USER_PATHS = NO;
				CLANG_ANALYZER_NONNULL = YES;
				CLANG_ANALYZER_NUMBER_OBJECT_CONVERSION = YES_AGGRESSIVE;
				CLANG_CXX_LANGUAGE_STANDARD = "gnu++14";
				CLANG_CXX_LIBRARY = "libc++";
				CLANG_ENABLE_MODULES = YES;
				CLANG_ENABLE_OBJC_ARC = YES;
				CLANG_ENABLE_OBJC_WEAK = YES;
				CLANG_WARN_BLOCK_CAPTURE_AUTORELEASING = YES;
				CLANG_WARN_BOOL_CONVERSION = YES;
				CLANG_WARN_COMMA = YES;
				CLANG_WARN_CONSTANT_CONVERSION = YES;
				CLANG_WARN_DEPRECATED_OBJC_IMPLEMENTATIONS = YES;
				CLANG_WARN_DIRECT_OBJC_ISA_USAGE = YES_ERROR;
				CLANG_WARN_DOCUMENTATION_COMMENTS = YES;
				CLANG_WARN_EMPTY_BODY = YES;
				CLANG_WARN_ENUM_CONVERSION = YES;
				CLANG_WARN_INFINITE_RECURSION = YES;
				CLANG_WARN_INT_CONVERSION = YES;
				CLANG_WARN_NON_LITERAL_NULL_CONVERSION = YES;
				CLANG_WARN_OBJC_IMPLICIT_RETAIN_SELF = YES;
				CLANG_WARN_OBJC_LITERAL_CONVERSION = YES;
				CLANG_WARN_OBJC_ROOT_CLASS = YES_ERROR;
				CLANG_WARN_QUOTED_INCLUDE_IN_FRAMEWORK_HEADER = YES;
				CLANG_WARN_RANGE_LOOP_ANALYSIS = YES;
				CLANG_WARN_STRICT_PROTOTYPES = YES;
				CLANG_WARN_SUSPICIOUS_MOVE = YES;
				CLANG_WARN_UNGUARDED_AVAILABILITY = YES_AGGRESSIVE;
				CLANG_WARN_UNREACHABLE_CODE = YES;
				CLANG_WARN__DUPLICATE_METHOD_MATCH = YES;
				COPY_PHASE_STRIP = NO;
				DEBUG_INFORMATION_FORMAT = dwarf;
				ENABLE_STRICT_OBJC_MSGSEND = YES;
				ENABLE_TESTABILITY = YES;
				GCC_C_LANGUAGE_STANDARD = gnu11;
				GCC_DYNAMIC_NO_PIC = NO;
				GCC_NO_COMMON_BLOCKS = YES;
				GCC_OPTIMIZATION_LEVEL = 0;
				GCC_PREPROCESSOR_DEFINITIONS = (
					"DEBUG=1",
					"$(inherited)",
				);
				GCC_WARN_64_TO_32_BIT_CONVERSION = YES;
				GCC_WARN_ABOUT_RETURN_TYPE = YES_ERROR;
				GCC_WARN_UNDECLARED_SELECTOR = YES;
				GCC_WARN_UNINITIALIZED_AUTOS = YES_AGGRESSIVE;
				GCC_WARN_UNUSED_FUNCTION = YES;
				GCC_WARN_UNUSED_VARIABLE = YES;
				IPHONEOS_DEPLOYMENT_TARGET = 14.5;
				MTL_ENABLE_DEBUG_INFO = INCLUDE_SOURCE;
				MTL_FAST_MATH = YES;
				ONLY_ACTIVE_ARCH = YES;
				SDKROOT = iphoneos;
				SWIFT_ACTIVE_COMPILATION_CONDITIONS = DEBUG;
				SWIFT_OPTIMIZATION_LEVEL = "-Onone";
			};
			name = Debug;
		};
		18CC53C12756B816000115DA /* Release */ = {
			isa = XCBuildConfiguration;
			buildSettings = {
				ALWAYS_SEARCH_USER_PATHS = NO;
				CLANG_ANALYZER_NONNULL = YES;
				CLANG_ANALYZER_NUMBER_OBJECT_CONVERSION = YES_AGGRESSIVE;
				CLANG_CXX_LANGUAGE_STANDARD = "gnu++14";
				CLANG_CXX_LIBRARY = "libc++";
				CLANG_ENABLE_MODULES = YES;
				CLANG_ENABLE_OBJC_ARC = YES;
				CLANG_ENABLE_OBJC_WEAK = YES;
				CLANG_WARN_BLOCK_CAPTURE_AUTORELEASING = YES;
				CLANG_WARN_BOOL_CONVERSION = YES;
				CLANG_WARN_COMMA = YES;
				CLANG_WARN_CONSTANT_CONVERSION = YES;
				CLANG_WARN_DEPRECATED_OBJC_IMPLEMENTATIONS = YES;
				CLANG_WARN_DIRECT_OBJC_ISA_USAGE = YES_ERROR;
				CLANG_WARN_DOCUMENTATION_COMMENTS = YES;
				CLANG_WARN_EMPTY_BODY = YES;
				CLANG_WARN_ENUM_CONVERSION = YES;
				CLANG_WARN_INFINITE_RECURSION = YES;
				CLANG_WARN_INT_CONVERSION = YES;
				CLANG_WARN_NON_LITERAL_NULL_CONVERSION = YES;
				CLANG_WARN_OBJC_IMPLICIT_RETAIN_SELF = YES;
				CLANG_WARN_OBJC_LITERAL_CONVERSION = YES;
				CLANG_WARN_OBJC_ROOT_CLASS = YES_ERROR;
				CLANG_WARN_QUOTED_INCLUDE_IN_FRAMEWORK_HEADER = YES;
				CLANG_WARN_RANGE_LOOP_ANALYSIS = YES;
				CLANG_WARN_STRICT_PROTOTYPES = YES;
				CLANG_WARN_SUSPICIOUS_MOVE = YES;
				CLANG_WARN_UNGUARDED_AVAILABILITY = YES_AGGRESSIVE;
				CLANG_WARN_UNREACHABLE_CODE = YES;
				CLANG_WARN__DUPLICATE_METHOD_MATCH = YES;
				COPY_PHASE_STRIP = NO;
				DEBUG_INFORMATION_FORMAT = "dwarf-with-dsym";
				ENABLE_NS_ASSERTIONS = NO;
				ENABLE_STRICT_OBJC_MSGSEND = YES;
				GCC_C_LANGUAGE_STANDARD = gnu11;
				GCC_NO_COMMON_BLOCKS = YES;
				GCC_WARN_64_TO_32_BIT_CONVERSION = YES;
				GCC_WARN_ABOUT_RETURN_TYPE = YES_ERROR;
				GCC_WARN_UNDECLARED_SELECTOR = YES;
				GCC_WARN_UNINITIALIZED_AUTOS = YES_AGGRESSIVE;
				GCC_WARN_UNUSED_FUNCTION = YES;
				GCC_WARN_UNUSED_VARIABLE = YES;
				IPHONEOS_DEPLOYMENT_TARGET = 14.5;
				MTL_ENABLE_DEBUG_INFO = NO;
				MTL_FAST_MATH = YES;
				SDKROOT = iphoneos;
				SWIFT_COMPILATION_MODE = wholemodule;
				SWIFT_OPTIMIZATION_LEVEL = "-O";
				VALIDATE_PRODUCT = YES;
			};
			name = Release;
		};
		18CC53C32756B816000115DA /* Debug */ = {
			isa = XCBuildConfiguration;
			buildSettings = {
				ASSETCATALOG_COMPILER_APPICON_NAME = AppIcon;
				ASSETCATALOG_COMPILER_GLOBAL_ACCENT_COLOR_NAME = AccentColor;
				CODE_SIGN_STYLE = Automatic;
				INFOPLIST_FILE = BadBreakingIosApp/Info.plist;
				LD_RUNPATH_SEARCH_PATHS = (
					"$(inherited)",
					"@executable_path/Frameworks",
				);
				PRODUCT_BUNDLE_IDENTIFIER = "A00230757-harpreet-singh.BadBreakingIosApp";
				PRODUCT_NAME = "$(TARGET_NAME)";
				SWIFT_VERSION = 5.0;
				TARGETED_DEVICE_FAMILY = "1,2";
			};
			name = Debug;
		};
		18CC53C42756B816000115DA /* Release */ = {
			isa = XCBuildConfiguration;
			buildSettings = {
				ASSETCATALOG_COMPILER_APPICON_NAME = AppIcon;
				ASSETCATALOG_COMPILER_GLOBAL_ACCENT_COLOR_NAME = AccentColor;
				CODE_SIGN_STYLE = Automatic;
				INFOPLIST_FILE = BadBreakingIosApp/Info.plist;
				LD_RUNPATH_SEARCH_PATHS = (
					"$(inherited)",
					"@executable_path/Frameworks",
				);
				PRODUCT_BUNDLE_IDENTIFIER = "A00230757-harpreet-singh.BadBreakingIosApp";
				PRODUCT_NAME = "$(TARGET_NAME)";
				SWIFT_VERSION = 5.0;
				TARGETED_DEVICE_FAMILY = "1,2";
			};
			name = Release;
		};
/* End XCBuildConfiguration section */

/* Begin XCConfigurationList section */
		18CC53A62756B813000115DA /* Build configuration list for PBXProject "BadBreakingIosApp" */ = {
			isa = XCConfigurationList;
			buildConfigurations = (
				18CC53C02756B816000115DA /* Debug */,
				18CC53C12756B816000115DA /* Release */,
			);
			defaultConfigurationIsVisible = 0;
			defaultConfigurationName = Release;
		};
		18CC53C22756B816000115DA /* Build configuration list for PBXNativeTarget "BadBreakingIosApp" */ = {
			isa = XCConfigurationList;
			buildConfigurations = (
				18CC53C32756B816000115DA /* Debug */,
				18CC53C42756B816000115DA /* Release */,
			);
			defaultConfigurationIsVisible = 0;
			defaultConfigurationName = Release;
		};
/* End XCConfigurationList section */

/* Begin XCVersionGroup section */
		18CC53B72756B813000115DA /* BadBreakingIosApp.xcdatamodeld */ = {
			isa = XCVersionGroup;
			children = (
				18CC53B82756B813000115DA /* BadBreakingIosApp.xcdatamodel */,
			);
			currentVersion = 18CC53B82756B813000115DA /* BadBreakingIosApp.xcdatamodel */;
			path = BadBreakingIosApp.xcdatamodeld;
			sourceTree = "<group>";
			versionGroupType = wrapper.xcdatamodel;
		};
/* End XCVersionGroup section */
	};
	rootObject = 18CC53A32756B813000115DA /* Project object */;
}
